
Microsoft Visual Studio Solution File, Format Version 12.00
# Visual Studio Version 17
VisualStudioVersion = 17.1.32421.90
MinimumVisualStudioVersion = 10.0.40219.1
Project("{9A19103F-16F7-4668-BE54-9A1E7A4F7556}") = "ModDifficultyLibrary", "ModDifficultyLibrary.csproj", "{245BDFEC-B688-493D-8EBF-0984CC7ED3C5}"
EndProject
Global
	GlobalSection(SolutionConfigurationPlatforms) = preSolution
		Debug|Any CPU = Debug|Any CPU
		Release|Any CPU = Release|Any CPU
	EndGlobalSection
	GlobalSection(ProjectConfigurationPlatforms) = postSolution
		{245BDFEC-B688-493D-8EBF-0984CC7ED3C5}.Debug|Any CPU.ActiveCfg = Debug|Any CPU
		{245BDFEC-B688-493D-8EBF-0984CC7ED3C5}.Debug|Any CPU.Build.0 = Debug|Any CPU
		{245BDFEC-B688-493D-8EBF-0984CC7ED3C5}.Release|Any CPU.ActiveCfg = Release|Any CPU
		{245BDFEC-B688-493D-8EBF-0984CC7ED3C5}.Release|Any CPU.Build.0 = Release|Any CPU
	EndGlobalSection
	GlobalSection(SolutionProperties) = preSolution
		HideSolutionNode = FALSE
	EndGlobalSection
	GlobalSection(ExtensibilityGlobals) = postSolution
		SolutionGuid = {9E7F32D6-2318-4209-8BCC-9A6079B8B2B0}
	EndGlobalSection
EndGlobal
